{
  "name": "sparql_portfolio",
  "version": "1.0.0",
  "lockfileVersion": 2,
  "requires": true,
  "packages": {
    "": {
      "name": "sparql_portfolio",
      "version": "1.0.0",
      "license": "BSD-2-Clause",
      "dependencies": {
        "ejs": "^5.0.0",
        "js-yaml": "^4.1.0"
      },
      "devDependencies": {}
    },
    "node_modules/argparse": {
      "version": "2.0.1",
      "resolved": "https://registry.npmjs.org/argparse/-/argparse-2.0.1.tgz",
      "integrity": "sha512-8+9WqebbFzpX9OR+Wa6O29asIogeRMzcGtAINdpMHHyAg10f05aSFVBbcEqGf/PXw1EjAZ+q2/bEBg3DvurK3Q=="
    },
    "node_modules/ejs": {
      "version": "5.0.1",
      "resolved": "https://registry.npmjs.org/ejs/-/ejs-5.0.1.tgz",
      "integrity": "sha512-COqBPFMxuPTPspXl2DkVYaDS3HtrD1GpzOGkNTJ1IYkifq/r9h8SVEFrjA3D9/VJGOEoMQcrlhpntcSUrM8k6A==",
      "bin": {
        "ejs": "bin/cli.js"
      },
      "engines": {
        "node": ">=0.12.18"
      }
    },
    "node_modules/js-yaml": {
      "version": "4.1.1",
      "resolved": "https://registry.npmjs.org/js-yaml/-/js-yaml-4.1.1.tgz",
      "integrity": "sha512-qQKT4zQxXl8lLwBtHMWwaTcGfFOZviOJet3Oy/xmGk2gZH677CJM9EvtfdSkgWcATZhj/55JZ0rmy3myCT5lsA==",
      "dependencies": {
        "argparse": "^2.0.1"
      },
      "bin": {
        "js-yaml": "bin/js-yaml.js"
      }
    }
  },
  "dependencies": {
    "argparse": {
      "version": "2.0.1",
      "resolved": "https://registry.npmjs.org/argparse/-/argparse-2.0.1.tgz",
      "integrity": "sha512-8+9WqebbFzpX9OR+Wa6O29asIogeRMzcGtAINdpMHHyAg10f05aSFVBbcEqGf/PXw1EjAZ+q2/bEBg3DvurK3Q=="
    },
    "ejs": {
      "version": "5.0.1",
      "resolved": "https://registry.npmjs.org/ejs/-/ejs-5.0.1.tgz",
      "integrity": "sha512-COqBPFMxuPTPspXl2DkVYaDS3HtrD1GpzOGkNTJ1IYkifq/r9h8SVEFrjA3D9/VJGOEoMQcrlhpntcSUrM8k6A=="
    },
    "js-yaml": {
      "version": "4.1.1",
      "resolved": "https://registry.npmjs.org/js-yaml/-/js-yaml-4.1.1.tgz",
      "integrity": "sha512-qQKT4zQxXl8lLwBtHMWwaTcGfFOZviOJet3Oy/xmGk2gZH677CJM9EvtfdSkgWcATZhj/55JZ0rmy3myCT5lsA==",
      "requires": {
        "argparse": "^2.0.1"
      }
    }
  }
}
